
Microsoft Visual Studio Solution File, Format Version 12.00
# Visual Studio 15
VisualStudioVersion = 15.0.27130.2024
MinimumVisualStudioVersion = 10.0.40219.1
Project("{FAE04EC0-301F-11D3-BF4B-00C04F79EFBC}") = "OhtaPark", "OhtaPark\OhtaPark.csproj", "{DA06EB02-4B91-4D54-BD6D-978EBFDD7892}"
EndProject
Global
	GlobalSection(SolutionConfigurationPlatforms) = preSolution
		Debug|Any CPU = Debug|Any CPU
		Release|Any CPU = Release|Any CPU
	EndGlobalSection
	GlobalSection(ProjectConfigurationPlatforms) = postSolution
		{DA06EB02-4B91-4D54-BD6D-978EBFDD7892}.Debug|Any CPU.ActiveCfg = Debug|Any CPU
		{DA06EB02-4B91-4D54-BD6D-978EBFDD7892}.Debug|Any CPU.Build.0 = Debug|Any CPU
		{DA06EB02-4B91-4D54-BD6D-978EBFDD7892}.Release|Any CPU.ActiveCfg = Release|Any CPU
		{DA06EB02-4B91-4D54-BD6D-978EBFDD7892}.Release|Any CPU.Build.0 = Release|Any CPU
	EndGlobalSection
	GlobalSection(SolutionProperties) = preSolution
		HideSolutionNode = FALSE
	EndGlobalSection
	GlobalSection(ExtensibilityGlobals) = postSolution
		SolutionGuid = {D077A44C-C502-44DD-8DC5-C961CF16D1D8}
	EndGlobalSection
EndGlobal
